{
  "version": 4,
  "terraform_version": "0.14.8",
  "serial": 30,
  "lineage": "2395117f-ff0b-83bf-6e5b-ca308eb3fd52",
  "outputs": {},
  "resources": [
    {
      "module": "module.spa_infra",
      "mode": "data",
      "type": "aws_iam_policy_document",
      "name": "s3_cloudfront_policy",
      "provider": "provider[\"registry.terraform.io/hashicorp/aws\"].east",
      "instances": [
        {
          "schema_version": 0,
          "attributes": {
            "id": "2755920237",
            "json": "{\n  \"Version\": \"2012-10-17\",\n  \"Statement\": [\n    {\n      \"Sid\": \"CloudFront\",\n      \"Effect\": \"Allow\",\n      \"Action\": \"s3:GetObject\",\n      \"Resource\": \"arn:aws:s3:::maho-static-site/*\",\n      \"Principal\": {\n        \"AWS\": \"arn:aws:iam::cloudfront:user/CloudFront Origin Access Identity E2QUROV5YBDSSU\"\n      }\n    }\n  ]\n}",
            "override_json": null,
            "override_policy_documents": null,
            "policy_id": null,
            "source_json": null,
            "source_policy_documents": null,
            "statement": [
              {
                "actions": [
                  "s3:GetObject"
                ],
                "condition": [],
                "effect": "Allow",
                "not_actions": [],
                "not_principals": [],
                "not_resources": [],
                "principals": [
                  {
                    "identifiers": [
                      "arn:aws:iam::cloudfront:user/CloudFront Origin Access Identity E2QUROV5YBDSSU"
                    ],
                    "type": "AWS"
                  }
                ],
                "resources": [
                  "arn:aws:s3:::maho-static-site/*"
                ],
                "sid": "CloudFront"
              }
            ],
            "version": "2012-10-17"
          },
          "sensitive_attributes": []
        }
      ]
    },
    {
      "module": "module.spa_infra",
      "mode": "managed",
      "type": "aws_cloudfront_origin_access_identity",
      "name": "cloud_front_01",
      "provider": "provider[\"registry.terraform.io/hashicorp/aws\"].east",
      "instances": [
        {
          "schema_version": 0,
          "attributes": {
            "caller_reference": "terraform-20210801071402404600000001",
            "cloudfront_access_identity_path": "origin-access-identity/cloudfront/E2QUROV5YBDSSU",
            "comment": "maho-static-site",
            "etag": "E1BDDNL6TSK8W4",
            "iam_arn": "arn:aws:iam::cloudfront:user/CloudFront Origin Access Identity E2QUROV5YBDSSU",
            "id": "E2QUROV5YBDSSU",
            "s3_canonical_user_id": "e40c5524bfc2c55edd4352ac41413858a62f357f5aa95becef306dbbec2682858ef4b13e2a72657cc5b16ffebfe1c81e"
          },
          "sensitive_attributes": [],
          "private": "bnVsbA=="
        }
      ]
    },
    {
      "module": "module.spa_infra",
      "mode": "managed",
      "type": "aws_s3_bucket",
      "name": "static_host",
      "provider": "provider[\"registry.terraform.io/hashicorp/aws\"].east",
      "instances": [
        {
          "schema_version": 0,
          "attributes": {
            "acceleration_status": "",
            "acl": "private",
            "arn": "arn:aws:s3:::maho-static-site",
            "bucket": "maho-static-site",
            "bucket_domain_name": "maho-static-site.s3.amazonaws.com",
            "bucket_prefix": null,
            "bucket_regional_domain_name": "maho-static-site.s3.amazonaws.com",
            "cors_rule": [],
            "force_destroy": false,
            "grant": [],
            "hosted_zone_id": "Z3AQBSTGFYJSTF",
            "id": "maho-static-site",
            "lifecycle_rule": [],
            "logging": [],
            "object_lock_configuration": [],
            "policy": "{\"Statement\":[{\"Action\":\"s3:GetObject\",\"Effect\":\"Allow\",\"Principal\":{\"AWS\":\"arn:aws:iam::cloudfront:user/CloudFront Origin Access Identity E2QUROV5YBDSSU\"},\"Resource\":\"arn:aws:s3:::maho-static-site/*\",\"Sid\":\"CloudFront\"}],\"Version\":\"2012-10-17\"}",
            "region": "us-east-1",
            "replication_configuration": [],
            "request_payer": "BucketOwner",
            "server_side_encryption_configuration": [],
            "tags": {},
            "tags_all": {},
            "versioning": [
              {
                "enabled": false,
                "mfa_delete": false
              }
            ],
            "website": [],
            "website_domain": null,
            "website_endpoint": null
          },
          "sensitive_attributes": []
        }
      ]
    }
  ]
}
