{
  "version": 4,
  "terraform_version": "0.14.8",
  "serial": 6,
  "lineage": "2395117f-ff0b-83bf-6e5b-ca308eb3fd52",
  "outputs": {},
  "resources": [
    {
      "module": "module.spa_infra",
      "mode": "data",
      "type": "aws_iam_policy_document",
      "name": "s3_cloudfront_policy",
      "provider": "provider[\"registry.terraform.io/hashicorp/aws\"].east",
      "instances": [
        {
          "schema_version": 0,
          "attributes": {
            "id": "2083021893",
            "json": "{\n  \"Version\": \"2012-10-17\",\n  \"Statement\": [\n    {\n      \"Sid\": \"CloudFront\",\n      \"Effect\": \"Allow\",\n      \"Action\": \"s3:GetObject\",\n      \"Resource\": \"arn:aws:s3:::maho_static_site/*\",\n      \"Principal\": {\n        \"AWS\": \"arn:aws:iam::cloudfront:user/CloudFront Origin Access Identity E2QUROV5YBDSSU\"\n      }\n    }\n  ]\n}",
            "override_json": null,
            "override_policy_documents": null,
            "policy_id": null,
            "source_json": null,
            "source_policy_documents": null,
            "statement": [
              {
                "actions": [
                  "s3:GetObject"
                ],
                "condition": [],
                "effect": "Allow",
                "not_actions": [],
                "not_principals": [],
                "not_resources": [],
                "principals": [
                  {
                    "identifiers": [
                      "arn:aws:iam::cloudfront:user/CloudFront Origin Access Identity E2QUROV5YBDSSU"
                    ],
                    "type": "AWS"
                  }
                ],
                "resources": [
                  "arn:aws:s3:::maho_static_site/*"
                ],
                "sid": "CloudFront"
              }
            ],
            "version": "2012-10-17"
          },
          "sensitive_attributes": []
        }
      ]
    },
    {
      "module": "module.spa_infra",
      "mode": "data",
      "type": "aws_route53_zone",
      "name": "origin_domain",
      "provider": "provider[\"registry.terraform.io/hashicorp/aws\"].east",
      "instances": [
        {
          "schema_version": 0,
          "attributes": {
            "caller_reference": "4c5ced3f-a8ab-4a61-9906-f403cd5a00ff",
            "comment": "",
            "id": "Z09065571TJP10JZ7FCWY",
            "linked_service_description": null,
            "linked_service_principal": null,
            "name": "sportport.net",
            "name_servers": [
              "ns-1051.awsdns-03.org",
              "ns-853.awsdns-42.net",
              "ns-1672.awsdns-17.co.uk",
              "ns-323.awsdns-40.com"
            ],
            "private_zone": false,
            "resource_record_set_count": 4,
            "tags": {},
            "vpc_id": null,
            "zone_id": "Z09065571TJP10JZ7FCWY"
          },
          "sensitive_attributes": []
        }
      ]
    },
    {
      "module": "module.spa_infra",
      "mode": "managed",
      "type": "aws_acm_certificate",
      "name": "acm_01",
      "provider": "provider[\"registry.terraform.io/hashicorp/aws\"].east",
      "instances": [
        {
          "schema_version": 0,
          "attributes": {
            "arn": "arn:aws:acm:us-east-1:414449438240:certificate/ac85b51f-0e10-47bc-b0ea-d6fd3ae66d8d",
            "certificate_authority_arn": "",
            "certificate_body": null,
            "certificate_chain": null,
            "domain_name": "sportport.net",
            "domain_validation_options": [
              {
                "domain_name": "sportport.net",
                "resource_record_name": "_609c6a46a56a6f9643145835d6c7ee92.sportport.net.",
                "resource_record_type": "CNAME",
                "resource_record_value": "_0b42f40520cdb911e13420094130c933.bsgbmzkfwj.acm-validations.aws."
              }
            ],
            "id": "arn:aws:acm:us-east-1:414449438240:certificate/ac85b51f-0e10-47bc-b0ea-d6fd3ae66d8d",
            "options": [
              {
                "certificate_transparency_logging_preference": "ENABLED"
              }
            ],
            "private_key": null,
            "status": "PENDING_VALIDATION",
            "subject_alternative_names": [],
            "tags": null,
            "tags_all": {},
            "validation_emails": [],
            "validation_method": "DNS"
          },
          "sensitive_attributes": [],
          "private": "bnVsbA=="
        }
      ]
    },
    {
      "module": "module.spa_infra",
      "mode": "managed",
      "type": "aws_acm_certificate_validation",
      "name": "acm_01_validation",
      "provider": "provider[\"registry.terraform.io/hashicorp/aws\"].east",
      "instances": [
        {
          "schema_version": 0,
          "attributes": {
            "certificate_arn": "arn:aws:acm:us-east-1:414449438240:certificate/ac85b51f-0e10-47bc-b0ea-d6fd3ae66d8d",
            "id": "2021-08-01 07:14:26 +0000 UTC",
            "timeouts": null,
            "validation_record_fqdns": [
              "_609c6a46a56a6f9643145835d6c7ee92.sportport.net"
            ]
          },
          "sensitive_attributes": [],
          "private": "eyJlMmJmYjczMC1lY2FhLTExZTYtOGY4OC0zNDM2M2JjN2M0YzAiOnsiY3JlYXRlIjoyNzAwMDAwMDAwMDAwfX0=",
          "dependencies": [
            "module.spa_infra.aws_acm_certificate.acm_01",
            "module.spa_infra.aws_route53_record.domain_01_certificate_record",
            "module.spa_infra.data.aws_route53_zone.origin_domain"
          ]
        }
      ]
    },
    {
      "module": "module.spa_infra",
      "mode": "managed",
      "type": "aws_cloudfront_distribution",
      "name": "cloud_front_01",
      "provider": "provider[\"registry.terraform.io/hashicorp/aws\"].east",
      "instances": []
    },
    {
      "module": "module.spa_infra",
      "mode": "managed",
      "type": "aws_cloudfront_origin_access_identity",
      "name": "cloud_front_01",
      "provider": "provider[\"registry.terraform.io/hashicorp/aws\"].east",
      "instances": [
        {
          "schema_version": 0,
          "attributes": {
            "caller_reference": "terraform-20210801071402404600000001",
            "cloudfront_access_identity_path": "origin-access-identity/cloudfront/E2QUROV5YBDSSU",
            "comment": "maho_static_site",
            "etag": "E38OP2M1E8XY81",
            "iam_arn": "arn:aws:iam::cloudfront:user/CloudFront Origin Access Identity E2QUROV5YBDSSU",
            "id": "E2QUROV5YBDSSU",
            "s3_canonical_user_id": "e40c5524bfc2c55edd4352ac41413858a62f357f5aa95becef306dbbec2682858ef4b13e2a72657cc5b16ffebfe1c81e"
          },
          "sensitive_attributes": [],
          "private": "bnVsbA=="
        }
      ]
    },
    {
      "module": "module.spa_infra",
      "mode": "managed",
      "type": "aws_route53_record",
      "name": "domain_01",
      "provider": "provider[\"registry.terraform.io/hashicorp/aws\"].east",
      "instances": []
    },
    {
      "module": "module.spa_infra",
      "mode": "managed",
      "type": "aws_route53_record",
      "name": "domain_01_certificate_record",
      "provider": "provider[\"registry.terraform.io/hashicorp/aws\"].east",
      "instances": [
        {
          "index_key": "sportport.net",
          "schema_version": 2,
          "attributes": {
            "alias": [],
            "allow_overwrite": true,
            "failover_routing_policy": [],
            "fqdn": "_609c6a46a56a6f9643145835d6c7ee92.sportport.net",
            "geolocation_routing_policy": [],
            "health_check_id": null,
            "id": "Z09065571TJP10JZ7FCWY__609c6a46a56a6f9643145835d6c7ee92.sportport.net._CNAME",
            "latency_routing_policy": [],
            "multivalue_answer_routing_policy": null,
            "name": "_609c6a46a56a6f9643145835d6c7ee92.sportport.net",
            "records": [
              "_0b42f40520cdb911e13420094130c933.bsgbmzkfwj.acm-validations.aws."
            ],
            "set_identifier": null,
            "ttl": 700,
            "type": "CNAME",
            "weighted_routing_policy": [],
            "zone_id": "Z09065571TJP10JZ7FCWY"
          },
          "sensitive_attributes": [],
          "private": "eyJzY2hlbWFfdmVyc2lvbiI6IjIifQ==",
          "dependencies": [
            "module.spa_infra.aws_acm_certificate.acm_01",
            "module.spa_infra.data.aws_route53_zone.origin_domain"
          ]
        }
      ]
    },
    {
      "module": "module.spa_infra",
      "mode": "managed",
      "type": "aws_s3_bucket_public_access_block",
      "name": "static_host",
      "provider": "provider[\"registry.terraform.io/hashicorp/aws\"].east",
      "instances": []
    }
  ]
}
